{
  "name": "check-diff",
  "version": "1.0.0",
  "lockfileVersion": 2,
  "requires": true,
  "packages": {
    "": {
      "name": "check-diff",
      "version": "1.0.0",
      "license": "ISC",
      "dependencies": {
        "js-treeview": "^1.1.5",
        "path-list-to-tree": "^1.1.1",
        "prompt-sync": "^4.2.0",
        "text-treeview": "^1.0.2"
      }
    },
    "node_modules/ansi-regex": {
      "version": "4.1.1",
      "resolved": "https://registry.npmjs.org/ansi-regex/-/ansi-regex-4.1.1.tgz",
      "integrity": "sha512-ILlv4k/3f6vfQ4OoP2AGvirOktlQ98ZEL1k9FaQjxa3L1abBgbuTDAdPOpvbGncC0BTVQrl+OM8xZGK6tWXt7g==",
      "engines": {
        "node": ">=6"
      }
    },
    "node_modules/js-treeview": {
      "version": "1.1.5",
      "resolved": "https://registry.npmjs.org/js-treeview/-/js-treeview-1.1.5.tgz",
      "integrity": "sha512-PtOfvElB7KZL4O0aO3z7UY38G7ReMN74Y1iRSZPsOfyS+YGtVrHVTst+rwIy96PGoWQ2/7wEUOjjpSeYUj7+mg=="
    },
    "node_modules/path-list-to-tree": {
      "version": "1.1.1",
      "resolved": "https://registry.npmjs.org/path-list-to-tree/-/path-list-to-tree-1.1.1.tgz",
      "integrity": "sha512-yc5cIiQmOymJ5ewheH105A9I3No+6PBYlihsihun0iMctClKz6/GdZZW1EbEEo86fUa8aG9tjwpOELbXvTlvYw=="
    },
    "node_modules/prompt-sync": {
      "version": "4.2.0",
      "resolved": "https://registry.npmjs.org/prompt-sync/-/prompt-sync-4.2.0.tgz",
      "integrity": "sha512-BuEzzc5zptP5LsgV5MZETjDaKSWfchl5U9Luiu8SKp7iZWD5tZalOxvNcZRwv+d2phNFr8xlbxmFNcRKfJOzJw==",
      "dependencies": {
        "strip-ansi": "^5.0.0"
      }
    },
    "node_modules/strip-ansi": {
      "version": "5.2.0",
      "resolved": "https://registry.npmjs.org/strip-ansi/-/strip-ansi-5.2.0.tgz",
      "integrity": "sha512-DuRs1gKbBqsMKIZlrffwlug8MHkcnpjs5VPmL1PAh+mA30U0DTotfDZ0d2UUsXpPmPmMMJ6W773MaA3J+lbiWA==",
      "dependencies": {
        "ansi-regex": "^4.1.0"
      },
      "engines": {
        "node": ">=6"
      }
    },
    "node_modules/text-treeview": {
      "version": "1.0.2",
      "resolved": "https://registry.npmjs.org/text-treeview/-/text-treeview-1.0.2.tgz",
      "integrity": "sha512-VrajSWiDpufalLVHo136GZe0nI7+I6DXLmVtuCGIkdXJ0pewVGVSpucZa2lIQMbPqxI8G/b7OA+WRiTdcOUUDw=="
    }
  },
  "dependencies": {
    "ansi-regex": {
      "version": "4.1.1",
      "resolved": "https://registry.npmjs.org/ansi-regex/-/ansi-regex-4.1.1.tgz",
      "integrity": "sha512-ILlv4k/3f6vfQ4OoP2AGvirOktlQ98ZEL1k9FaQjxa3L1abBgbuTDAdPOpvbGncC0BTVQrl+OM8xZGK6tWXt7g=="
    },
    "js-treeview": {
      "version": "1.1.5",
      "resolved": "https://registry.npmjs.org/js-treeview/-/js-treeview-1.1.5.tgz",
      "integrity": "sha512-PtOfvElB7KZL4O0aO3z7UY38G7ReMN74Y1iRSZPsOfyS+YGtVrHVTst+rwIy96PGoWQ2/7wEUOjjpSeYUj7+mg=="
    },
    "path-list-to-tree": {
      "version": "1.1.1",
      "resolved": "https://registry.npmjs.org/path-list-to-tree/-/path-list-to-tree-1.1.1.tgz",
      "integrity": "sha512-yc5cIiQmOymJ5ewheH105A9I3No+6PBYlihsihun0iMctClKz6/GdZZW1EbEEo86fUa8aG9tjwpOELbXvTlvYw=="
    },
    "prompt-sync": {
      "version": "4.2.0",
      "resolved": "https://registry.npmjs.org/prompt-sync/-/prompt-sync-4.2.0.tgz",
      "integrity": "sha512-BuEzzc5zptP5LsgV5MZETjDaKSWfchl5U9Luiu8SKp7iZWD5tZalOxvNcZRwv+d2phNFr8xlbxmFNcRKfJOzJw==",
      "requires": {
        "strip-ansi": "^5.0.0"
      }
    },
    "strip-ansi": {
      "version": "5.2.0",
      "resolved": "https://registry.npmjs.org/strip-ansi/-/strip-ansi-5.2.0.tgz",
      "integrity": "sha512-DuRs1gKbBqsMKIZlrffwlug8MHkcnpjs5VPmL1PAh+mA30U0DTotfDZ0d2UUsXpPmPmMMJ6W773MaA3J+lbiWA==",
      "requires": {
        "ansi-regex": "^4.1.0"
      }
    },
    "text-treeview": {
      "version": "1.0.2",
      "resolved": "https://registry.npmjs.org/text-treeview/-/text-treeview-1.0.2.tgz",
      "integrity": "sha512-VrajSWiDpufalLVHo136GZe0nI7+I6DXLmVtuCGIkdXJ0pewVGVSpucZa2lIQMbPqxI8G/b7OA+WRiTdcOUUDw=="
    }
  }
}
